dependencies:
- name: microservice
  repository: file://subcharts/microservice
  version: 0.1.0
- name: microservice
  repository: file://subcharts/microservice
  version: 0.1.0
- name: microservice
  repository: file://subcharts/microservice
  version: 0.1.0
- name: microservice
  repository: file://subcharts/microservice
  version: 0.1.0
- name: microservice
  repository: file://subcharts/microservice
  version: 0.1.0
- name: microservice
  repository: file://subcharts/microservice
  version: 0.1.0
- name: kafka-stack
  repository: file://subcharts/kafka-stack
  version: 0.1.0
- name: ingress-nginx
  repository: https://kubernetes.github.io/ingress-nginx
  version: 4.15.1
digest: sha256:69a6f1eaadfffd5f14cf94e611f596cb3f9e9a11abce0f4feadd3b9a1ca291ca
generated: "2026-08-16T18:28:00.3211871+03:00"
